
Microsoft Visual Studio Solution File, Format Version 12.00
# Visual Studio Version 16
VisualStudioVersion = 16.0.29926.136
MinimumVisualStudioVersion = 10.0.40219.1
Project("{FAE04EC0-301F-11D3-BF4B-00C04F79EFBC}") = "Vaques.Tests", "Vaques.Tests\Vaques.Tests.csproj", "{20C54693-5C3C-4B12-8A30-BB331407BD7C}"
EndProject
Project("{FAE04EC0-301F-11D3-BF4B-00C04F79EFBC}") = "Vaques", "Vaques\Vaques.csproj", "{A0ED3546-F489-4030-B970-92C387F9A7A6}"
EndProject
Global
	GlobalSection(SolutionConfigurationPlatforms) = preSolution
		Debug|Any CPU = Debug|Any CPU
		Release|Any CPU = Release|Any CPU
	EndGlobalSection
	GlobalSection(ProjectConfigurationPlatforms) = postSolution
		{20C54693-5C3C-4B12-8A30-BB331407BD7C}.Debug|Any CPU.ActiveCfg = Debug|Any CPU
		{20C54693-5C3C-4B12-8A30-BB331407BD7C}.Debug|Any CPU.Build.0 = Debug|Any CPU
		{20C54693-5C3C-4B12-8A30-BB331407BD7C}.Release|Any CPU.ActiveCfg = Release|Any CPU
		{20C54693-5C3C-4B12-8A30-BB331407BD7C}.Release|Any CPU.Build.0 = Release|Any CPU
		{A0ED3546-F489-4030-B970-92C387F9A7A6}.Debug|Any CPU.ActiveCfg = Debug|Any CPU
		{A0ED3546-F489-4030-B970-92C387F9A7A6}.Debug|Any CPU.Build.0 = Debug|Any CPU
		{A0ED3546-F489-4030-B970-92C387F9A7A6}.Release|Any CPU.ActiveCfg = Release|Any CPU
		{A0ED3546-F489-4030-B970-92C387F9A7A6}.Release|Any CPU.Build.0 = Release|Any CPU
	EndGlobalSection
	GlobalSection(SolutionProperties) = preSolution
		HideSolutionNode = FALSE
	EndGlobalSection
	GlobalSection(ExtensibilityGlobals) = postSolution
		SolutionGuid = {73CB1746-C8B0-4FB9-AE6B-9F310332073F}
	EndGlobalSection
EndGlobal
